
Microsoft Visual Studio Solution File, Format Version 12.00
# Visual Studio 15
VisualStudioVersion = 15.0.26730.12
MinimumVisualStudioVersion = 10.0.40219.1
Project("{FAE04EC0-301F-11D3-BF4B-00C04F79EFBC}") = "destinycameratool", "destinycameratool\destinycameratool.csproj", "{1A549E6B-B6B3-4ACE-B7A3-D6B1949065E9}"
EndProject
Global
	GlobalSection(SolutionConfigurationPlatforms) = preSolution
		Debug|Any CPU = Debug|Any CPU
		Release|Any CPU = Release|Any CPU
	EndGlobalSection
	GlobalSection(ProjectConfigurationPlatforms) = postSolution
		{1A549E6B-B6B3-4ACE-B7A3-D6B1949065E9}.Debug|Any CPU.ActiveCfg = Debug|Any CPU
		{1A549E6B-B6B3-4ACE-B7A3-D6B1949065E9}.Debug|Any CPU.Build.0 = Debug|Any CPU
		{1A549E6B-B6B3-4ACE-B7A3-D6B1949065E9}.Release|Any CPU.ActiveCfg = Release|Any CPU
		{1A549E6B-B6B3-4ACE-B7A3-D6B1949065E9}.Release|Any CPU.Build.0 = Release|Any CPU
	EndGlobalSection
	GlobalSection(SolutionProperties) = preSolution
		HideSolutionNode = FALSE
	EndGlobalSection
	GlobalSection(ExtensibilityGlobals) = postSolution
		SolutionGuid = {FF2F28FA-4617-4456-80CB-4B7C277D90A5}
	EndGlobalSection
EndGlobal
